
Microsoft Visual Studio Solution File, Format Version 12.00
# Visual Studio Version 17
VisualStudioVersion = 17.13.35828.75 d17.13
MinimumVisualStudioVersion = 10.0.40219.1
Project("{FAE04EC0-301F-11D3-BF4B-00C04F79EFBC}") = "LeaveManagementSystem.Web", "LeaveManagementSystem.Web\LeaveManagementSystem.Web.csproj", "{1D29D34D-0E38-427B-B8F3-C610553B489D}"
EndProject
Global
	GlobalSection(SolutionConfigurationPlatforms) = preSolution
		Debug|Any CPU = Debug|Any CPU
		Release|Any CPU = Release|Any CPU
	EndGlobalSection
	GlobalSection(ProjectConfigurationPlatforms) = postSolution
		{1D29D34D-0E38-427B-B8F3-C610553B489D}.Debug|Any CPU.ActiveCfg = Debug|Any CPU
		{1D29D34D-0E38-427B-B8F3-C610553B489D}.Debug|Any CPU.Build.0 = Debug|Any CPU
		{1D29D34D-0E38-427B-B8F3-C610553B489D}.Release|Any CPU.ActiveCfg = Release|Any CPU
		{1D29D34D-0E38-427B-B8F3-C610553B489D}.Release|Any CPU.Build.0 = Release|Any CPU
	EndGlobalSection
	GlobalSection(SolutionProperties) = preSolution
		HideSolutionNode = FALSE
	EndGlobalSection
	GlobalSection(ExtensibilityGlobals) = postSolution
		SolutionGuid = {C89E925E-C653-4325-B8F9-A1B5248B3DB5}
	EndGlobalSection
EndGlobal
